
Microsoft Visual Studio Solution File, Format Version 12.00
# Visual Studio 15
Project("{FAE04EC0-301F-11D3-BF4B-00C04F79EFBC}") = "Assembly-CSharp", "Assembly-CSharp.csproj", "{1B8591B1-5499-9CE1-5CCC-831AB6752530}"
EndProject
Project("{FAE04EC0-301F-11D3-BF4B-00C04F79EFBC}") = "Assembly-CSharp-Editor", "Assembly-CSharp-Editor.csproj", "{8BCA7BF4-0731-8EC0-B526-4554A968A225}"
EndProject
Global
	GlobalSection(SolutionConfigurationPlatforms) = preSolution
		Debug|Any CPU = Debug|Any CPU
		Release|Any CPU = Release|Any CPU
	EndGlobalSection
	GlobalSection(ProjectConfigurationPlatforms) = postSolution
		{1B8591B1-5499-9CE1-5CCC-831AB6752530}.Debug|Any CPU.ActiveCfg = Debug|Any CPU
		{1B8591B1-5499-9CE1-5CCC-831AB6752530}.Debug|Any CPU.Build.0 = Debug|Any CPU
		{1B8591B1-5499-9CE1-5CCC-831AB6752530}.Release|Any CPU.ActiveCfg = Release|Any CPU
		{1B8591B1-5499-9CE1-5CCC-831AB6752530}.Release|Any CPU.Build.0 = Release|Any CPU
		{8BCA7BF4-0731-8EC0-B526-4554A968A225}.Debug|Any CPU.ActiveCfg = Debug|Any CPU
		{8BCA7BF4-0731-8EC0-B526-4554A968A225}.Debug|Any CPU.Build.0 = Debug|Any CPU
		{8BCA7BF4-0731-8EC0-B526-4554A968A225}.Release|Any CPU.ActiveCfg = Release|Any CPU
		{8BCA7BF4-0731-8EC0-B526-4554A968A225}.Release|Any CPU.Build.0 = Release|Any CPU
	EndGlobalSection
	GlobalSection(SolutionProperties) = preSolution
		HideSolutionNode = FALSE
	EndGlobalSection
EndGlobal
